
Microsoft Visual Studio Solution File, Format Version 12.00
# Visual Studio Version 17
VisualStudioVersion = 17.0.31912.275
MinimumVisualStudioVersion = 10.0.40219.1
Project("{FAE04EC0-301F-11D3-BF4B-00C04F79EFBC}") = "QRgen", "QRgen\QRgen.csproj", "{FC0D0951-4504-49E3-98EF-6F3771A6B514}"
EndProject
Global
	GlobalSection(SolutionConfigurationPlatforms) = preSolution
		Debug|Any CPU = Debug|Any CPU
		Release|Any CPU = Release|Any CPU
	EndGlobalSection
	GlobalSection(ProjectConfigurationPlatforms) = postSolution
		{FC0D0951-4504-49E3-98EF-6F3771A6B514}.Debug|Any CPU.ActiveCfg = Debug|Any CPU
		{FC0D0951-4504-49E3-98EF-6F3771A6B514}.Debug|Any CPU.Build.0 = Debug|Any CPU
		{FC0D0951-4504-49E3-98EF-6F3771A6B514}.Release|Any CPU.ActiveCfg = Release|Any CPU
		{FC0D0951-4504-49E3-98EF-6F3771A6B514}.Release|Any CPU.Build.0 = Release|Any CPU
	EndGlobalSection
	GlobalSection(SolutionProperties) = preSolution
		HideSolutionNode = FALSE
	EndGlobalSection
	GlobalSection(ExtensibilityGlobals) = postSolution
		SolutionGuid = {BB35733F-5517-4ED1-A224-832401DCD31E}
	EndGlobalSection
EndGlobal
